// !$*UTF8*$!
{
	archiveVersion = 1;
	classes = {
	};
	objectVersion = 56;
	objects = {

/* Begin PBXBuildFile section */
		C32127C72AE7A98E001C887F /* ScoreboardView.swift in Sources */ = {isa = PBXBuildFile; fileRef = C32127C62AE7A98E001C887F /* ScoreboardView.swift */; };
		C35BE6462AE7CF9C0065D5EA /* BottonsView.swift in Sources */ = {isa = PBXBuildFile; fileRef = C35BE6452AE7CF9C0065D5EA /* BottonsView.swift */; };
		C35BE6482AE80EA20065D5EA /* TitleView.swift in Sources */ = {isa = PBXBuildFile; fileRef = C35BE6472AE80EA20065D5EA /* TitleView.swift */; };
		C39597172AE6F19F00404606 /* Connect_FourApp.swift in Sources */ = {isa = PBXBuildFile; fileRef = C39597162AE6F19F00404606 /* Connect_FourApp.swift */; };
		C39597192AE6F19F00404606 /* ContentView.swift in Sources */ = {isa = PBXBuildFile; fileRef = C39597182AE6F19F00404606 /* ContentView.swift */; };
		C395971B2AE6F1A100404606 /* Assets.xcassets in Resources */ = {isa = PBXBuildFile; fileRef = C395971A2AE6F1A100404606 /* Assets.xcassets */; };
		C395971E2AE6F1A100404606 /* Preview Assets.xcassets in Resources */ = {isa = PBXBuildFile; fileRef = C395971D2AE6F1A100404606 /* Preview Assets.xcassets */; };
		C39597282AE6F1A200404606 /* Connect_FourTests.swift in Sources */ = {isa = PBXBuildFile; fileRef = C39597272AE6F1A200404606 /* Connect_FourTests.swift */; };
		C39597322AE6F1A200404606 /* Connect_FourUITests.swift in Sources */ = {isa = PBXBuildFile; fileRef = C39597312AE6F1A200404606 /* Connect_FourUITests.swift */; };
		C39597342AE6F1A200404606 /* Connect_FourUITestsLaunchTests.swift in Sources */ = {isa = PBXBuildFile; fileRef = C39597332AE6F1A200404606 /* Connect_FourUITestsLaunchTests.swift */; };
		C3D9E9C62AE816FC00BCFF80 /* BoardView.swift in Sources */ = {isa = PBXBuildFile; fileRef = C3D9E9C52AE816FC00BCFF80 /* BoardView.swift */; };
		C3D9E9C82AE8174900BCFF80 /* SquareView.swift in Sources */ = {isa = PBXBuildFile; fileRef = C3D9E9C72AE8174900BCFF80 /* SquareView.swift */; };
		C3D9E9CB2AE8191E00BCFF80 /* BoardColumView.swift in Sources */ = {isa = PBXBuildFile; fileRef = C3D9E9CA2AE8191E00BCFF80 /* BoardColumView.swift */; };
		C3F8912C2AE98F8500239A54 /* ChipModel.swift in Sources */ = {isa = PBXBuildFile; fileRef = C3F8912B2AE98F8500239A54 /* ChipModel.swift */; };
		C3FD12DC2AEA4BF20068E402 /* BoardViewModel.swift in Sources */ = {isa = PBXBuildFile; fileRef = C3FD12DB2AEA4BF20068E402 /* BoardViewModel.swift */; };
/* End PBXBuildFile section */

/* Begin PBXContainerItemProxy section */
		C39597242AE6F1A200404606 /* PBXContainerItemProxy */ = {
			isa = PBXContainerItemProxy;
			containerPortal = C395970B2AE6F19F00404606 /* Project object */;
			proxyType = 1;
			remoteGlobalIDString = C39597122AE6F19F00404606;
			remoteInfo = "Connect Four";
		};
		C395972E2AE6F1A200404606 /* PBXContainerItemProxy */ = {
			isa = PBXContainerItemProxy;
			containerPortal = C395970B2AE6F19F00404606 /* Project object */;
			proxyType = 1;
			remoteGlobalIDString = C39597122AE6F19F00404606;
			remoteInfo = "Connect Four";
		};
/* End PBXContainerItemProxy section */

/* Begin PBXFileReference section */
		C32127C62AE7A98E001C887F /* ScoreboardView.swift */ = {isa = PBXFileReference; lastKnownFileType = sourcecode.swift; path = ScoreboardView.swift; sourceTree = "<group>"; };
		C35BE6452AE7CF9C0065D5EA /* BottonsView.swift */ = {isa = PBXFileReference; lastKnownFileType = sourcecode.swift; path = BottonsView.swift; sourceTree = "<group>"; };
		C35BE6472AE80EA20065D5EA /* TitleView.swift */ = {isa = PBXFileReference; lastKnownFileType = sourcecode.swift; path = TitleView.swift; sourceTree = "<group>"; };
		C39597132AE6F19F00404606 /* Connect Four.app */ = {isa = PBXFileReference; explicitFileType = wrapper.application; includeInIndex = 0; path = "Connect Four.app"; sourceTree = BUILT_PRODUCTS_DIR; };
		C39597162AE6F19F00404606 /* Connect_FourApp.swift */ = {isa = PBXFileReference; lastKnownFileType = sourcecode.swift; path = Connect_FourApp.swift; sourceTree = "<group>"; };
		C39597182AE6F19F00404606 /* ContentView.swift */ = {isa = PBXFileReference; lastKnownFileType = sourcecode.swift; path = ContentView.swift; sourceTree = "<group>"; };
		C395971A2AE6F1A100404606 /* Assets.xcassets */ = {isa = PBXFileReference; lastKnownFileType = folder.assetcatalog; path = Assets.xcassets; sourceTree = "<group>"; };
		C395971D2AE6F1A100404606 /* Preview Assets.xcassets */ = {isa = PBXFileReference; lastKnownFileType = folder.assetcatalog; path = "Preview Assets.xcassets"; sourceTree = "<group>"; };
		C39597232AE6F1A200404606 /* Connect FourTests.xctest */ = {isa = PBXFileReference; explicitFileType = wrapper.cfbundle; includeInIndex = 0; path = "Connect FourTests.xctest"; sourceTree = BUILT_PRODUCTS_DIR; };
		C39597272AE6F1A200404606 /* Connect_FourTests.swift */ = {isa = PBXFileReference; lastKnownFileType = sourcecode.swift; path = Connect_FourTests.swift; sourceTree = "<group>"; };
		C395972D2AE6F1A200404606 /* Connect FourUITests.xctest */ = {isa = PBXFileReference; explicitFileType = wrapper.cfbundle; includeInIndex = 0; path = "Connect FourUITests.xctest"; sourceTree = BUILT_PRODUCTS_DIR; };
		C39597312AE6F1A200404606 /* Connect_FourUITests.swift */ = {isa = PBXFileReference; lastKnownFileType = sourcecode.swift; path = Connect_FourUITests.swift; sourceTree = "<group>"; };
		C39597332AE6F1A200404606 /* Connect_FourUITestsLaunchTests.swift */ = {isa = PBXFileReference; lastKnownFileType = sourcecode.swift; path = Connect_FourUITestsLaunchTests.swift; sourceTree = "<group>"; };
		C3D9E9C52AE816FC00BCFF80 /* BoardView.swift */ = {isa = PBXFileReference; lastKnownFileType = sourcecode.swift; path = BoardView.swift; sourceTree = "<group>"; };
		C3D9E9C72AE8174900BCFF80 /* SquareView.swift */ = {isa = PBXFileReference; lastKnownFileType = sourcecode.swift; path = SquareView.swift; sourceTree = "<group>"; };
		C3D9E9CA2AE8191E00BCFF80 /* BoardColumView.swift */ = {isa = PBXFileReference; lastKnownFileType = sourcecode.swift; path = BoardColumView.swift; sourceTree = "<group>"; };
		C3F8912B2AE98F8500239A54 /* ChipModel.swift */ = {isa = PBXFileReference; lastKnownFileType = sourcecode.swift; path = ChipModel.swift; sourceTree = "<group>"; };
		C3FD12DB2AEA4BF20068E402 /* BoardViewModel.swift */ = {isa = PBXFileReference; lastKnownFileType = sourcecode.swift; path = BoardViewModel.swift; sourceTree = "<group>"; };
/* End PBXFileReference section */

/* Begin PBXFrameworksBuildPhase section */
		C39597102AE6F19F00404606 /* Frameworks */ = {
			isa = PBXFrameworksBuildPhase;
			buildActionMask = 2147483647;
			files = (
			);
			runOnlyForDeploymentPostprocessing = 0;
		};
		C39597202AE6F1A200404606 /* Frameworks */ = {
			isa = PBXFrameworksBuildPhase;
			buildActionMask = 2147483647;
			files = (
			);
			runOnlyForDeploymentPostprocessing = 0;
		};
		C395972A2AE6F1A200404606 /* Frameworks */ = {
			isa = PBXFrameworksBuildPhase;
			buildActionMask = 2147483647;
			files = (
			);
			runOnlyForDeploymentPostprocessing = 0;
		};
/* End PBXFrameworksBuildPhase section */

/* Begin PBXGroup section */
		C32127C52AE7A91C001C887F /* Components */ = {
			isa = PBXGroup;
			children = (
				C32127C62AE7A98E001C887F /* ScoreboardView.swift */,
				C35BE6452AE7CF9C0065D5EA /* BottonsView.swift */,
				C35BE6472AE80EA20065D5EA /* TitleView.swift */,
				C3D9E9C52AE816FC00BCFF80 /* BoardView.swift */,
				C3D9E9C72AE8174900BCFF80 /* SquareView.swift */,
				C3D9E9CA2AE8191E00BCFF80 /* BoardColumView.swift */,
			);
			path = Components;
			sourceTree = "<group>";
		};
		C395970A2AE6F19F00404606 = {
			isa = PBXGroup;
			children = (
				C39597152AE6F19F00404606 /* Connect Four */,
				C39597262AE6F1A200404606 /* Connect FourTests */,
				C39597302AE6F1A200404606 /* Connect FourUITests */,
				C39597142AE6F19F00404606 /* Products */,
			);
			sourceTree = "<group>";
		};
		C39597142AE6F19F00404606 /* Products */ = {
			isa = PBXGroup;
			children = (
				C39597132AE6F19F00404606 /* Connect Four.app */,
				C39597232AE6F1A200404606 /* Connect FourTests.xctest */,
				C395972D2AE6F1A200404606 /* Connect FourUITests.xctest */,
			);
			name = Products;
			sourceTree = "<group>";
		};
		C39597152AE6F19F00404606 /* Connect Four */ = {
			isa = PBXGroup;
			children = (
				C39597162AE6F19F00404606 /* Connect_FourApp.swift */,
				C39597182AE6F19F00404606 /* ContentView.swift */,
				C3F8912A2AE98F6400239A54 /* Model */,
				C32127C52AE7A91C001C887F /* Components */,
				C395971A2AE6F1A100404606 /* Assets.xcassets */,
				C395971C2AE6F1A100404606 /* Preview Content */,
			);
			path = "Connect Four";
			sourceTree = "<group>";
		};
		C395971C2AE6F1A100404606 /* Preview Content */ = {
			isa = PBXGroup;
			children = (
				C395971D2AE6F1A100404606 /* Preview Assets.xcassets */,
			);
			path = "Preview Content";
			sourceTree = "<group>";
		};
		C39597262AE6F1A200404606 /* Connect FourTests */ = {
			isa = PBXGroup;
			children = (
				C39597272AE6F1A200404606 /* Connect_FourTests.swift */,
			);
			path = "Connect FourTests";
			sourceTree = "<group>";
		};
		C39597302AE6F1A200404606 /* Connect FourUITests */ = {
			isa = PBXGroup;
			children = (
				C39597312AE6F1A200404606 /* Connect_FourUITests.swift */,
				C39597332AE6F1A200404606 /* Connect_FourUITestsLaunchTests.swift */,
			);
			path = "Connect FourUITests";
			sourceTree = "<group>";
		};
		C3F8912A2AE98F6400239A54 /* Model */ = {
			isa = PBXGroup;
			children = (
				C3F8912B2AE98F8500239A54 /* ChipModel.swift */,
				C3FD12DB2AEA4BF20068E402 /* BoardViewModel.swift */,
			);
			path = Model;
			sourceTree = "<group>";
		};
/* End PBXGroup section */

/* Begin PBXNativeTarget section */
		C39597122AE6F19F00404606 /* Connect Four */ = {
			isa = PBXNativeTarget;
			buildConfigurationList = C39597372AE6F1A200404606 /* Build configuration list for PBXNativeTarget "Connect Four" */;
			buildPhases = (
				C395970F2AE6F19F00404606 /* Sources */,
				C39597102AE6F19F00404606 /* Frameworks */,
				C39597112AE6F19F00404606 /* Resources */,
			);
			buildRules = (
			);
			dependencies = (
			);
			name = "Connect Four";
			productName = "Connect Four";
			productReference = C39597132AE6F19F00404606 /* Connect Four.app */;
			productType = "com.apple.product-type.application";
		};
		C39597222AE6F1A200404606 /* Connect FourTests */ = {
			isa = PBXNativeTarget;
			buildConfigurationList = C395973A2AE6F1A200404606 /* Build configuration list for PBXNativeTarget "Connect FourTests" */;
			buildPhases = (
				C395971F2AE6F1A200404606 /* Sources */,
				C39597202AE6F1A200404606 /* Frameworks */,
				C39597212AE6F1A200404606 /* Resources */,
			);
			buildRules = (
			);
			dependencies = (
				C39597252AE6F1A200404606 /* PBXTargetDependency */,
			);
			name = "Connect FourTests";
			productName = "Connect FourTests";
			productReference = C39597232AE6F1A200404606 /* Connect FourTests.xctest */;
			productType = "com.apple.product-type.bundle.unit-test";
		};
		C395972C2AE6F1A200404606 /* Connect FourUITests */ = {
			isa = PBXNativeTarget;
			buildConfigurationList = C395973D2AE6F1A200404606 /* Build configuration list for PBXNativeTarget "Connect FourUITests" */;
			buildPhases = (
				C39597292AE6F1A200404606 /* Sources */,
				C395972A2AE6F1A200404606 /* Frameworks */,
				C395972B2AE6F1A200404606 /* Resources */,
			);
			buildRules = (
			);
			dependencies = (
				C395972F2AE6F1A200404606 /* PBXTargetDependency */,
			);
			name = "Connect FourUITests";
			productName = "Connect FourUITests";
			productReference = C395972D2AE6F1A200404606 /* Connect FourUITests.xctest */;
			productType = "com.apple.product-type.bundle.ui-testing";
		};
/* End PBXNativeTarget section */

/* Begin PBXProject section */
		C395970B2AE6F19F00404606 /* Project object */ = {
			isa = PBXProject;
			attributes = {
				BuildIndependentTargetsInParallel = 1;
				LastSwiftUpdateCheck = 1500;
				LastUpgradeCheck = 1500;
				TargetAttributes = {
					C39597122AE6F19F00404606 = {
						CreatedOnToolsVersion = 15.0.1;
					};
					C39597222AE6F1A200404606 = {
						CreatedOnToolsVersion = 15.0.1;
						TestTargetID = C39597122AE6F19F00404606;
					};
					C395972C2AE6F1A200404606 = {
						CreatedOnToolsVersion = 15.0.1;
						TestTargetID = C39597122AE6F19F00404606;
					};
				};
			};
			buildConfigurationList = C395970E2AE6F19F00404606 /* Build configuration list for PBXProject "Connect Four" */;
			compatibilityVersion = "Xcode 14.0";
			developmentRegion = en;
			hasScannedForEncodings = 0;
			knownRegions = (
				en,
				Base,
			);
			mainGroup = C395970A2AE6F19F00404606;
			productRefGroup = C39597142AE6F19F00404606 /* Products */;
			projectDirPath = "";
			projectRoot = "";
			targets = (
				C39597122AE6F19F00404606 /* Connect Four */,
				C39597222AE6F1A200404606 /* Connect FourTests */,
				C395972C2AE6F1A200404606 /* Connect FourUITests */,
			);
		};
/* End PBXProject section */

/* Begin PBXResourcesBuildPhase section */
		C39597112AE6F19F00404606 /* Resources */ = {
			isa = PBXResourcesBuildPhase;
			buildActionMask = 2147483647;
			files = (
				C395971E2AE6F1A100404606 /* Preview Assets.xcassets in Resources */,
				C395971B2AE6F1A100404606 /* Assets.xcassets in Resources */,
			);
			runOnlyForDeploymentPostprocessing = 0;
		};
		C39597212AE6F1A200404606 /* Resources */ = {
			isa = PBXResourcesBuildPhase;
			buildActionMask = 2147483647;
			files = (
			);
			runOnlyForDeploymentPostprocessing = 0;
		};
		C395972B2AE6F1A200404606 /* Resources */ = {
			isa = PBXResourcesBuildPhase;
			buildActionMask = 2147483647;
			files = (
			);
			runOnlyForDeploymentPostprocessing = 0;
		};
/* End PBXResourcesBuildPhase section */

/* Begin PBXSourcesBuildPhase section */
		C395970F2AE6F19F00404606 /* Sources */ = {
			isa = PBXSourcesBuildPhase;
			buildActionMask = 2147483647;
			files = (
				C3F8912C2AE98F8500239A54 /* ChipModel.swift in Sources */,
				C3D9E9C62AE816FC00BCFF80 /* BoardView.swift in Sources */,
				C39597192AE6F19F00404606 /* ContentView.swift in Sources */,
				C3D9E9CB2AE8191E00BCFF80 /* BoardColumView.swift in Sources */,
				C35BE6462AE7CF9C0065D5EA /* BottonsView.swift in Sources */,
				C39597172AE6F19F00404606 /* Connect_FourApp.swift in Sources */,
				C32127C72AE7A98E001C887F /* ScoreboardView.swift in Sources */,
				C35BE6482AE80EA20065D5EA /* TitleView.swift in Sources */,
				C3D9E9C82AE8174900BCFF80 /* SquareView.swift in Sources */,
				C3FD12DC2AEA4BF20068E402 /* BoardViewModel.swift in Sources */,
			);
			runOnlyForDeploymentPostprocessing = 0;
		};
		C395971F2AE6F1A200404606 /* Sources */ = {
			isa = PBXSourcesBuildPhase;
			buildActionMask = 2147483647;
			files = (
				C39597282AE6F1A200404606 /* Connect_FourTests.swift in Sources */,
			);
			runOnlyForDeploymentPostprocessing = 0;
		};
		C39597292AE6F1A200404606 /* Sources */ = {
			isa = PBXSourcesBuildPhase;
			buildActionMask = 2147483647;
			files = (
				C39597322AE6F1A200404606 /* Connect_FourUITests.swift in Sources */,
				C39597342AE6F1A200404606 /* Connect_FourUITestsLaunchTests.swift in Sources */,
			);
			runOnlyForDeploymentPostprocessing = 0;
		};
/* End PBXSourcesBuildPhase section */

/* Begin PBXTargetDependency section */
		C39597252AE6F1A200404606 /* PBXTargetDependency */ = {
			isa = PBXTargetDependency;
			target = C39597122AE6F19F00404606 /* Connect Four */;
			targetProxy = C39597242AE6F1A200404606 /* PBXContainerItemProxy */;
		};
		C395972F2AE6F1A200404606 /* PBXTargetDependency */ = {
			isa = PBXTargetDependency;
			target = C39597122AE6F19F00404606 /* Connect Four */;
			targetProxy = C395972E2AE6F1A200404606 /* PBXContainerItemProxy */;
		};
/* End PBXTargetDependency section */

/* Begin XCBuildConfiguration section */
		C39597352AE6F1A200404606 /* Debug */ = {
			isa = XCBuildConfiguration;
			buildSettings = {
				ALWAYS_SEARCH_USER_PATHS = NO;
				ASSETCATALOG_COMPILER_GENERATE_SWIFT_ASSET_SYMBOL_EXTENSIONS = YES;
				CLANG_ANALYZER_NONNULL = YES;
				CLANG_ANALYZER_NUMBER_OBJECT_CONVERSION = YES_AGGRESSIVE;
				CLANG_CXX_LANGUAGE_STANDARD = "gnu++20";
				CLANG_ENABLE_MODULES = YES;
				CLANG_ENABLE_OBJC_ARC = YES;
				CLANG_ENABLE_OBJC_WEAK = YES;
				CLANG_WARN_BLOCK_CAPTURE_AUTORELEASING = YES;
				CLANG_WARN_BOOL_CONVERSION = YES;
				CLANG_WARN_COMMA = YES;
				CLANG_WARN_CONSTANT_CONVERSION = YES;
				CLANG_WARN_DEPRECATED_OBJC_IMPLEMENTATIONS = YES;
				CLANG_WARN_DIRECT_OBJC_ISA_USAGE = YES_ERROR;
				CLANG_WARN_DOCUMENTATION_COMMENTS = YES;
				CLANG_WARN_EMPTY_BODY = YES;
				CLANG_WARN_ENUM_CONVERSION = YES;
				CLANG_WARN_INFINITE_RECURSION = YES;
				CLANG_WARN_INT_CONVERSION = YES;
				CLANG_WARN_NON_LITERAL_NULL_CONVERSION = YES;
				CLANG_WARN_OBJC_IMPLICIT_RETAIN_SELF = YES;
				CLANG_WARN_OBJC_LITERAL_CONVERSION = YES;
				CLANG_WARN_OBJC_ROOT_CLASS = YES_ERROR;
				CLANG_WARN_QUOTED_INCLUDE_IN_FRAMEWORK_HEADER = YES;
				CLANG_WARN_RANGE_LOOP_ANALYSIS = YES;
				CLANG_WARN_STRICT_PROTOTYPES = YES;
				CLANG_WARN_SUSPICIOUS_MOVE = YES;
				CLANG_WARN_UNGUARDED_AVAILABILITY = YES_AGGRESSIVE;
				CLANG_WARN_UNREACHABLE_CODE = YES;
				CLANG_WARN__DUPLICATE_METHOD_MATCH = YES;
				COPY_PHASE_STRIP = NO;
				DEBUG_INFORMATION_FORMAT = dwarf;
				ENABLE_STRICT_OBJC_MSGSEND = YES;
				ENABLE_TESTABILITY = YES;
				ENABLE_USER_SCRIPT_SANDBOXING = YES;
				GCC_C_LANGUAGE_STANDARD = gnu17;
				GCC_DYNAMIC_NO_PIC = NO;
				GCC_NO_COMMON_BLOCKS = YES;
				GCC_OPTIMIZATION_LEVEL = 0;
				GCC_PREPROCESSOR_DEFINITIONS = (
					"DEBUG=1",
					"$(inherited)",
				);
				GCC_WARN_64_TO_32_BIT_CONVERSION = YES;
				GCC_WARN_ABOUT_RETURN_TYPE = YES_ERROR;
				GCC_WARN_UNDECLARED_SELECTOR = YES;
				GCC_WARN_UNINITIALIZED_AUTOS = YES_AGGRESSIVE;
				GCC_WARN_UNUSED_FUNCTION = YES;
				GCC_WARN_UNUSED_VARIABLE = YES;
				IPHONEOS_DEPLOYMENT_TARGET = 17.0;
				LOCALIZATION_PREFERS_STRING_CATALOGS = YES;
				MTL_ENABLE_DEBUG_INFO = INCLUDE_SOURCE;
				MTL_FAST_MATH = YES;
				ONLY_ACTIVE_ARCH = YES;
				SDKROOT = iphoneos;
				SWIFT_ACTIVE_COMPILATION_CONDITIONS = "DEBUG $(inherited)";
				SWIFT_OPTIMIZATION_LEVEL = "-Onone";
			};
			name = Debug;
		};
		C39597362AE6F1A200404606 /* Release */ = {
			isa = XCBuildConfiguration;
			buildSettings = {
				ALWAYS_SEARCH_USER_PATHS = NO;
				ASSETCATALOG_COMPILER_GENERATE_SWIFT_ASSET_SYMBOL_EXTENSIONS = YES;
				CLANG_ANALYZER_NONNULL = YES;
				CLANG_ANALYZER_NUMBER_OBJECT_CONVERSION = YES_AGGRESSIVE;
				CLANG_CXX_LANGUAGE_STANDARD = "gnu++20";
				CLANG_ENABLE_MODULES = YES;
				CLANG_ENABLE_OBJC_ARC = YES;
				CLANG_ENABLE_OBJC_WEAK = YES;
				CLANG_WARN_BLOCK_CAPTURE_AUTORELEASING = YES;
				CLANG_WARN_BOOL_CONVERSION = YES;
				CLANG_WARN_COMMA = YES;
				CLANG_WARN_CONSTANT_CONVERSION = YES;
				CLANG_WARN_DEPRECATED_OBJC_IMPLEMENTATIONS = YES;
				CLANG_WARN_DIRECT_OBJC_ISA_USAGE = YES_ERROR;
				CLANG_WARN_DOCUMENTATION_COMMENTS = YES;
				CLANG_WARN_EMPTY_BODY = YES;
				CLANG_WARN_ENUM_CONVERSION = YES;
				CLANG_WARN_INFINITE_RECURSION = YES;
				CLANG_WARN_INT_CONVERSION = YES;
				CLANG_WARN_NON_LITERAL_NULL_CONVERSION = YES;
				CLANG_WARN_OBJC_IMPLICIT_RETAIN_SELF = YES;
				CLANG_WARN_OBJC_LITERAL_CONVERSION = YES;
				CLANG_WARN_OBJC_ROOT_CLASS = YES_ERROR;
				CLANG_WARN_QUOTED_INCLUDE_IN_FRAMEWORK_HEADER = YES;
				CLANG_WARN_RANGE_LOOP_ANALYSIS = YES;
				CLANG_WARN_STRICT_PROTOTYPES = YES;
				CLANG_WARN_SUSPICIOUS_MOVE = YES;
				CLANG_WARN_UNGUARDED_AVAILABILITY = YES_AGGRESSIVE;
				CLANG_WARN_UNREACHABLE_CODE = YES;
				CLANG_WARN__DUPLICATE_METHOD_MATCH = YES;
				COPY_PHASE_STRIP = NO;
				DEBUG_INFORMATION_FORMAT = "dwarf-with-dsym";
				ENABLE_NS_ASSERTIONS = NO;
				ENABLE_STRICT_OBJC_MSGSEND = YES;
				ENABLE_USER_SCRIPT_SANDBOXING = YES;
				GCC_C_LANGUAGE_STANDARD = gnu17;
				GCC_NO_COMMON_BLOCKS = YES;
				GCC_WARN_64_TO_32_BIT_CONVERSION = YES;
				GCC_WARN_ABOUT_RETURN_TYPE = YES_ERROR;
				GCC_WARN_UNDECLARED_SELECTOR = YES;
				GCC_WARN_UNINITIALIZED_AUTOS = YES_AGGRESSIVE;
				GCC_WARN_UNUSED_FUNCTION = YES;
				GCC_WARN_UNUSED_VARIABLE = YES;
				IPHONEOS_DEPLOYMENT_TARGET = 17.0;
				LOCALIZATION_PREFERS_STRING_CATALOGS = YES;
				MTL_ENABLE_DEBUG_INFO = NO;
				MTL_FAST_MATH = YES;
				SDKROOT = iphoneos;
				SWIFT_COMPILATION_MODE = wholemodule;
				VALIDATE_PRODUCT = YES;
			};
			name = Release;
		};
		C39597382AE6F1A200404606 /* Debug */ = {
			isa = XCBuildConfiguration;
			buildSettings = {
				ASSETCATALOG_COMPILER_APPICON_NAME = AppIcon;
				ASSETCATALOG_COMPILER_GLOBAL_ACCENT_COLOR_NAME = AccentColor;
				CODE_SIGN_STYLE = Automatic;
				CURRENT_PROJECT_VERSION = 1;
				DEVELOPMENT_ASSET_PATHS = "\"Connect Four/Preview Content\"";
				DEVELOPMENT_TEAM = U83AYT842T;
				ENABLE_PREVIEWS = YES;
				GENERATE_INFOPLIST_FILE = YES;
				INFOPLIST_KEY_UIApplicationSceneManifest_Generation = YES;
				INFOPLIST_KEY_UIApplicationSupportsIndirectInputEvents = YES;
				INFOPLIST_KEY_UILaunchScreen_Generation = YES;
				INFOPLIST_KEY_UISupportedInterfaceOrientations_iPad = "UIInterfaceOrientationPortrait UIInterfaceOrientationPortraitUpsideDown UIInterfaceOrientationLandscapeLeft UIInterfaceOrientationLandscapeRight";
				INFOPLIST_KEY_UISupportedInterfaceOrientations_iPhone = "UIInterfaceOrientationPortrait UIInterfaceOrientationLandscapeLeft UIInterfaceOrientationLandscapeRight";
				LD_RUNPATH_SEARCH_PATHS = (
					"$(inherited)",
					"@executable_path/Frameworks",
				);
				MARKETING_VERSION = 1.0;
				PRODUCT_BUNDLE_IDENTIFIER = "com.didacdev.Connect-Four";
				PRODUCT_NAME = "$(TARGET_NAME)";
				SWIFT_EMIT_LOC_STRINGS = YES;
				SWIFT_VERSION = 5.0;
				TARGETED_DEVICE_FAMILY = "1,2";
			};
			name = Debug;
		};
		C39597392AE6F1A200404606 /* Release */ = {
			isa = XCBuildConfiguration;
			buildSettings = {
				ASSETCATALOG_COMPILER_APPICON_NAME = AppIcon;
				ASSETCATALOG_COMPILER_GLOBAL_ACCENT_COLOR_NAME = AccentColor;
				CODE_SIGN_STYLE = Automatic;
				CURRENT_PROJECT_VERSION = 1;
				DEVELOPMENT_ASSET_PATHS = "\"Connect Four/Preview Content\"";
				DEVELOPMENT_TEAM = U83AYT842T;
				ENABLE_PREVIEWS = YES;
				GENERATE_INFOPLIST_FILE = YES;
				INFOPLIST_KEY_UIApplicationSceneManifest_Generation = YES;
				INFOPLIST_KEY_UIApplicationSupportsIndirectInputEvents = YES;
				INFOPLIST_KEY_UILaunchScreen_Generation = YES;
				INFOPLIST_KEY_UISupportedInterfaceOrientations_iPad = "UIInterfaceOrientationPortrait UIInterfaceOrientationPortraitUpsideDown UIInterfaceOrientationLandscapeLeft UIInterfaceOrientationLandscapeRight";
				INFOPLIST_KEY_UISupportedInterfaceOrientations_iPhone = "UIInterfaceOrientationPortrait UIInterfaceOrientationLandscapeLeft UIInterfaceOrientationLandscapeRight";
				LD_RUNPATH_SEARCH_PATHS = (
					"$(inherited)",
					"@executable_path/Frameworks",
				);
				MARKETING_VERSION = 1.0;
				PRODUCT_BUNDLE_IDENTIFIER = "com.didacdev.Connect-Four";
				PRODUCT_NAME = "$(TARGET_NAME)";
				SWIFT_EMIT_LOC_STRINGS = YES;
				SWIFT_VERSION = 5.0;
				TARGETED_DEVICE_FAMILY = "1,2";
			};
			name = Release;
		};
		C395973B2AE6F1A200404606 /* Debug */ = {
			isa = XCBuildConfiguration;
			buildSettings = {
				ALWAYS_EMBED_SWIFT_STANDARD_LIBRARIES = YES;
				BUNDLE_LOADER = "$(TEST_HOST)";
				CODE_SIGN_STYLE = Automatic;
				CURRENT_PROJECT_VERSION = 1;
				GENERATE_INFOPLIST_FILE = YES;
				IPHONEOS_DEPLOYMENT_TARGET = 17.0;
				MARKETING_VERSION = 1.0;
				PRODUCT_BUNDLE_IDENTIFIER = "com.didacdev.Connect-FourTests";
				PRODUCT_NAME = "$(TARGET_NAME)";
				SWIFT_EMIT_LOC_STRINGS = NO;
				SWIFT_VERSION = 5.0;
				TARGETED_DEVICE_FAMILY = "1,2";
				TEST_HOST = "$(BUILT_PRODUCTS_DIR)/Connect Four.app/$(BUNDLE_EXECUTABLE_FOLDER_PATH)/Connect Four";
			};
			name = Debug;
		};
		C395973C2AE6F1A200404606 /* Release */ = {
			isa = XCBuildConfiguration;
			buildSettings = {
				ALWAYS_EMBED_SWIFT_STANDARD_LIBRARIES = YES;
				BUNDLE_LOADER = "$(TEST_HOST)";
				CODE_SIGN_STYLE = Automatic;
				CURRENT_PROJECT_VERSION = 1;
				GENERATE_INFOPLIST_FILE = YES;
				IPHONEOS_DEPLOYMENT_TARGET = 17.0;
				MARKETING_VERSION = 1.0;
				PRODUCT_BUNDLE_IDENTIFIER = "com.didacdev.Connect-FourTests";
				PRODUCT_NAME = "$(TARGET_NAME)";
				SWIFT_EMIT_LOC_STRINGS = NO;
				SWIFT_VERSION = 5.0;
				TARGETED_DEVICE_FAMILY = "1,2";
				TEST_HOST = "$(BUILT_PRODUCTS_DIR)/Connect Four.app/$(BUNDLE_EXECUTABLE_FOLDER_PATH)/Connect Four";
			};
			name = Release;
		};
		C395973E2AE6F1A200404606 /* Debug */ = {
			isa = XCBuildConfiguration;
			buildSettings = {
				ALWAYS_EMBED_SWIFT_STANDARD_LIBRARIES = YES;
				CODE_SIGN_STYLE = Automatic;
				CURRENT_PROJECT_VERSION = 1;
				GENERATE_INFOPLIST_FILE = YES;
				MARKETING_VERSION = 1.0;
				PRODUCT_BUNDLE_IDENTIFIER = "com.didacdev.Connect-FourUITests";
				PRODUCT_NAME = "$(TARGET_NAME)";
				SWIFT_EMIT_LOC_STRINGS = NO;
				SWIFT_VERSION = 5.0;
				TARGETED_DEVICE_FAMILY = "1,2";
				TEST_TARGET_NAME = "Connect Four";
			};
			name = Debug;
		};
		C395973F2AE6F1A200404606 /* Release */ = {
			isa = XCBuildConfiguration;
			buildSettings = {
				ALWAYS_EMBED_SWIFT_STANDARD_LIBRARIES = YES;
				CODE_SIGN_STYLE = Automatic;
				CURRENT_PROJECT_VERSION = 1;
				GENERATE_INFOPLIST_FILE = YES;
				MARKETING_VERSION = 1.0;
				PRODUCT_BUNDLE_IDENTIFIER = "com.didacdev.Connect-FourUITests";
				PRODUCT_NAME = "$(TARGET_NAME)";
				SWIFT_EMIT_LOC_STRINGS = NO;
				SWIFT_VERSION = 5.0;
				TARGETED_DEVICE_FAMILY = "1,2";
				TEST_TARGET_NAME = "Connect Four";
			};
			name = Release;
		};
/* End XCBuildConfiguration section */

/* Begin XCConfigurationList section */
		C395970E2AE6F19F00404606 /* Build configuration list for PBXProject "Connect Four" */ = {
			isa = XCConfigurationList;
			buildConfigurations = (
				C39597352AE6F1A200404606 /* Debug */,
				C39597362AE6F1A200404606 /* Release */,
			);
			defaultConfigurationIsVisible = 0;
			defaultConfigurationName = Release;
		};
		C39597372AE6F1A200404606 /* Build configuration list for PBXNativeTarget "Connect Four" */ = {
			isa = XCConfigurationList;
			buildConfigurations = (
				C39597382AE6F1A200404606 /* Debug */,
				C39597392AE6F1A200404606 /* Release */,
			);
			defaultConfigurationIsVisible = 0;
			defaultConfigurationName = Release;
		};
		C395973A2AE6F1A200404606 /* Build configuration list for PBXNativeTarget "Connect FourTests" */ = {
			isa = XCConfigurationList;
			buildConfigurations = (
				C395973B2AE6F1A200404606 /* Debug */,
				C395973C2AE6F1A200404606 /* Release */,
			);
			defaultConfigurationIsVisible = 0;
			defaultConfigurationName = Release;
		};
		C395973D2AE6F1A200404606 /* Build configuration list for PBXNativeTarget "Connect FourUITests" */ = {
			isa = XCConfigurationList;
			buildConfigurations = (
				C395973E2AE6F1A200404606 /* Debug */,
				C395973F2AE6F1A200404606 /* Release */,
			);
			defaultConfigurationIsVisible = 0;
			defaultConfigurationName = Release;
		};
/* End XCConfigurationList section */
	};
	rootObject = C395970B2AE6F19F00404606 /* Project object */;
}
